
Microsoft Visual Studio Solution File, Format Version 12.00
# Visual Studio Version 16
VisualStudioVersion = 16.0.30503.244
MinimumVisualStudioVersion = 10.0.40219.1
Project("{8BC9CEB8-8B4A-11D0-8D11-00A0C91BC942}") = "Exo1", "Exo1\Exo1.vcxproj", "{E558923A-07ED-468A-B3D8-15A33F814E60}"
EndProject
Project("{8BC9CEB8-8B4A-11D0-8D11-00A0C91BC942}") = "Exo2", "Exo2\Exo2.vcxproj", "{94EE335A-4C12-422B-8C5A-81C8D4C07074}"
EndProject
Project("{8BC9CEB8-8B4A-11D0-8D11-00A0C91BC942}") = "Exo3", "Exo3\Exo3.vcxproj", "{0AEF67F6-EC7F-43A5-9BA3-AD80662D57CD}"
EndProject
Global
	GlobalSection(SolutionConfigurationPlatforms) = preSolution
		Debug|x64 = Debug|x64
		Debug|x86 = Debug|x86
		Release|x64 = Release|x64
		Release|x86 = Release|x86
	EndGlobalSection
	GlobalSection(ProjectConfigurationPlatforms) = postSolution
		{E558923A-07ED-468A-B3D8-15A33F814E60}.Debug|x64.ActiveCfg = Debug|x64
		{E558923A-07ED-468A-B3D8-15A33F814E60}.Debug|x64.Build.0 = Debug|x64
		{E558923A-07ED-468A-B3D8-15A33F814E60}.Debug|x86.ActiveCfg = Debug|Win32
		{E558923A-07ED-468A-B3D8-15A33F814E60}.Debug|x86.Build.0 = Debug|Win32
		{E558923A-07ED-468A-B3D8-15A33F814E60}.Release|x64.ActiveCfg = Release|x64
		{E558923A-07ED-468A-B3D8-15A33F814E60}.Release|x64.Build.0 = Release|x64
		{E558923A-07ED-468A-B3D8-15A33F814E60}.Release|x86.ActiveCfg = Release|Win32
		{E558923A-07ED-468A-B3D8-15A33F814E60}.Release|x86.Build.0 = Release|Win32
		{94EE335A-4C12-422B-8C5A-81C8D4C07074}.Debug|x64.ActiveCfg = Debug|x64
		{94EE335A-4C12-422B-8C5A-81C8D4C07074}.Debug|x64.Build.0 = Debug|x64
		{94EE335A-4C12-422B-8C5A-81C8D4C07074}.Debug|x86.ActiveCfg = Debug|Win32
		{94EE335A-4C12-422B-8C5A-81C8D4C07074}.Debug|x86.Build.0 = Debug|Win32
		{94EE335A-4C12-422B-8C5A-81C8D4C07074}.Release|x64.ActiveCfg = Release|x64
		{94EE335A-4C12-422B-8C5A-81C8D4C07074}.Release|x64.Build.0 = Release|x64
		{94EE335A-4C12-422B-8C5A-81C8D4C07074}.Release|x86.ActiveCfg = Release|Win32
		{94EE335A-4C12-422B-8C5A-81C8D4C07074}.Release|x86.Build.0 = Release|Win32
		{0AEF67F6-EC7F-43A5-9BA3-AD80662D57CD}.Debug|x64.ActiveCfg = Debug|x64
		{0AEF67F6-EC7F-43A5-9BA3-AD80662D57CD}.Debug|x64.Build.0 = Debug|x64
		{0AEF67F6-EC7F-43A5-9BA3-AD80662D57CD}.Debug|x86.ActiveCfg = Debug|Win32
		{0AEF67F6-EC7F-43A5-9BA3-AD80662D57CD}.Debug|x86.Build.0 = Debug|Win32
		{0AEF67F6-EC7F-43A5-9BA3-AD80662D57CD}.Release|x64.ActiveCfg = Release|x64
		{0AEF67F6-EC7F-43A5-9BA3-AD80662D57CD}.Release|x64.Build.0 = Release|x64
		{0AEF67F6-EC7F-43A5-9BA3-AD80662D57CD}.Release|x86.ActiveCfg = Release|Win32
		{0AEF67F6-EC7F-43A5-9BA3-AD80662D57CD}.Release|x86.Build.0 = Release|Win32
	EndGlobalSection
	GlobalSection(SolutionProperties) = preSolution
		HideSolutionNode = FALSE
	EndGlobalSection
	GlobalSection(ExtensibilityGlobals) = postSolution
		SolutionGuid = {3347810F-0CE5-4131-9A2D-F40171FCD318}
	EndGlobalSection
EndGlobal
